{
  "name": "project-2",
  "version": "1.0.0",
  "lockfileVersion": 1,
  "requires": true,
  "dependencies": {
    "sequelize-heroku": {
      "version": "2.0.0",
      "resolved": "https://registry.npmjs.org/sequelize-heroku/-/sequelize-heroku-2.0.0.tgz",
      "integrity": "sha512-7LtHRlaJVf+zhHqNoUaXUyyLnqumrr8DYFJFeVKChACdWb99MYGoDzuKdehweO3ZjCr0flMfFpCIdXu8wnWEZQ=="
    }
  }
}
